
Microsoft Visual Studio Solution File, Format Version 12.00
# Visual Studio Version 16
VisualStudioVersion = 16.0.32002.261
MinimumVisualStudioVersion = 10.0.40219.1
Project("{FAE04EC0-301F-11D3-BF4B-00C04F79EFBC}") = "Controle", "Controle.csproj", "{C230D37E-2FF6-4123-9724-6339799CED59}"
EndProject
Global
	GlobalSection(SolutionConfigurationPlatforms) = preSolution
		Debug|Any CPU = Debug|Any CPU
		Release|Any CPU = Release|Any CPU
	EndGlobalSection
	GlobalSection(ProjectConfigurationPlatforms) = postSolution
		{C230D37E-2FF6-4123-9724-6339799CED59}.Debug|Any CPU.ActiveCfg = Debug|Any CPU
		{C230D37E-2FF6-4123-9724-6339799CED59}.Debug|Any CPU.Build.0 = Debug|Any CPU
		{C230D37E-2FF6-4123-9724-6339799CED59}.Release|Any CPU.ActiveCfg = Release|Any CPU
		{C230D37E-2FF6-4123-9724-6339799CED59}.Release|Any CPU.Build.0 = Release|Any CPU
	EndGlobalSection
	GlobalSection(SolutionProperties) = preSolution
		HideSolutionNode = FALSE
	EndGlobalSection
	GlobalSection(ExtensibilityGlobals) = postSolution
		SolutionGuid = {FB1CDB93-4530-42DF-8D4E-50A34D0E9C99}
	EndGlobalSection
EndGlobal
